{
  "pins" : [
    {
      "identity" : "keyboardkit",
      "kind" : "remoteSourceControl",
      "location" : "https://github.com/KeyboardKit/KeyboardKit.git",
      "state" : {
        "revision" : "5c2735d3d7ef465b8a17196913baea8714d91fba",
        "version" : "6.4.3"
      }
    }
  ],
  "version" : 2
}
